{
    "_readme": [
        "This file locks the dependencies of your project to a known state",
        "Read more about it at https://getcomposer.org/doc/01-basic-usage.md#installing-dependencies",
        "This file is @generated automatically"
    ],
    "content-hash": "c791b489d86b670ac40eef6f9accec05",
    "packages": [
        {
            "name": "kint-php/kint",
            "version": "4.1.2",
            "source": {
                "type": "git",
                "url": "https://github.com/kint-php/kint.git",
                "reference": "fa53c4333cda79dc9cb002cfa029abe994d0ae00"
            },
            "dist": {
                "type": "zip",
                "url": "https://api.github.com/repos/kint-php/kint/zipball/fa53c4333cda79dc9cb002cfa029abe994d0ae00",
                "reference": "fa53c4333cda79dc9cb002cfa029abe994d0ae00",
                "shasum": ""
            },
            "require": {
                "php": ">=5.6"
            },
            "require-dev": {
                "friendsofphp/php-cs-fixer": "^3.0",
                "phpspec/prophecy-phpunit": "^2",
                "phpunit/phpunit": "^9.0",
                "seld/phar-utils": "^1.0",
                "symfony/finder": "^3.0 || ^4.0 || ^5.0",
                "vimeo/psalm": "^4.0"
            },
            "suggest": {
                "kint-php/kint-helpers": "Provides extra helper functions",
                "kint-php/kint-twig": "Provides d() and s() functions in twig templates"
            },
            "type": "library",
            "autoload": {
                "files": [
                    "init.php"
                ],
                "psr-4": {
                    "Kint\\": "src/"
                }
            },
            "notification-url": "https://packagist.org/downloads/",
            "license": [
                "MIT"
            ],
            "authors": [
                {
                    "name": "Jonathan Vollebregt",
                    "homepage": "https://github.com/jnvsor"
                },
                {
                    "name": "Contributors",
                    "homepage": "https://github.com/kint-php/kint/graphs/contributors"
                }
            ],
            "description": "Kint - debugging tool for PHP developers",
            "homepage": "https://kint-php.github.io/kint/",
            "keywords": [
                "debug",
                "kint",
                "php"
            ],
            "support": {
                "issues": "https://github.com/kint-php/kint/issues",
                "source": "https://github.com/kint-php/kint/tree/4.1.2"
            },
            "time": "2022-02-22T20:32:24+00:00"
        },
        {
            "name": "paragonie/corner",
            "version": "v2.0.1",
            "source": {
                "type": "git",
                "url": "https://github.com/paragonie/corner.git",
                "reference": "f222adc1da32547e20a3c5007f4a711b0cf633d0"
            },
            "dist": {
                "type": "zip",
                "url": "https://api.github.com/repos/paragonie/corner/zipball/f222adc1da32547e20a3c5007f4a711b0cf633d0",
                "reference": "f222adc1da32547e20a3c5007f4a711b0cf633d0",
                "shasum": ""
            },
            "require": {
                "php": "^7.1|^8"
            },
            "require-dev": {
                "phpunit/phpunit": "^7",
                "psalm/plugin-phpunit": "<1",
                "vimeo/psalm": "^3"
            },
            "type": "library",
            "autoload": {
                "psr-4": {
                    "ParagonIE\\Corner\\": "src/"
                }
            },
            "notification-url": "https://packagist.org/downloads/",
            "license": [
                "ISC"
            ],
            "authors": [
                {
                    "name": "Paragon Initiative Enterprises",
                    "email": "security@paragonie.com"
                }
            ],
            "description": "Generic PHP Exceptions and Errors, made user-friendly.",
            "support": {
                "issues": "https://github.com/paragonie/corner/issues",
                "source": "https://github.com/paragonie/corner/tree/v2.0.1"
            },
            "time": "2020-01-20T00:57:57+00:00"
        },
        {
            "name": "paragonie/easydb",
            "version": "v2.11.0",
            "source": {
                "type": "git",
                "url": "https://github.com/paragonie/easydb.git",
                "reference": "38cfac4bbd96960628ca3237ed98f3f344ffdd7b"
            },
            "dist": {
                "type": "zip",
                "url": "https://api.github.com/repos/paragonie/easydb/zipball/38cfac4bbd96960628ca3237ed98f3f344ffdd7b",
                "reference": "38cfac4bbd96960628ca3237ed98f3f344ffdd7b",
                "shasum": ""
            },
            "require": {
                "ext-pdo": "*",
                "paragonie/corner": "^1|^2",
                "php": "^7|^8"
            },
            "require-dev": {
                "phpunit/phpunit": "^6|^7",
                "psalm/plugin-phpunit": "<1",
                "squizlabs/php_codesniffer": "^3",
                "vimeo/psalm": "^3"
            },
            "type": "library",
            "autoload": {
                "psr-4": {
                    "ParagonIE\\EasyDB\\": "src"
                }
            },
            "notification-url": "https://packagist.org/downloads/",
            "license": [
                "MIT"
            ],
            "authors": [
                {
                    "name": "Scott Arciszewski",
                    "email": "scott@paragonie.com",
                    "homepage": "https://paragonie.com",
                    "role": "Developer"
                },
                {
                    "name": "Woody Gilk",
                    "homepage": "https://github.com/shadowhand",
                    "role": "Contributor"
                },
                {
                    "name": "SignpostMarv",
                    "homepage": "https://github.com/SignpostMarv",
                    "role": "Contributor"
                }
            ],
            "description": "Easy-to-use database abstraction",
            "keywords": [
                "database",
                "pdo",
                "security",
                "sql"
            ],
            "support": {
                "email": "info@paragonie.com",
                "issues": "https://github.com/paragonie/easydb/issues",
                "source": "https://github.com/paragonie/easydb"
            },
            "time": "2020-01-20T01:06:56+00:00"
        }
    ],
    "packages-dev": [],
    "aliases": [],
    "minimum-stability": "stable",
    "stability-flags": [],
    "prefer-stable": false,
    "prefer-lowest": false,
    "platform": [],
    "platform-dev": [],
    "plugin-api-version": "2.0.0"
}
